
Microsoft Visual Studio Solution File, Format Version 12.00
# Visual Studio Version 17
VisualStudioVersion = 17.8.34330.188
MinimumVisualStudioVersion = 10.0.40219.1
Project("{FAE04EC0-301F-11D3-BF4B-00C04F79EFBC}") = "MAUI-WebApi", "MAUI-WebApi\MAUI-WebApi.csproj", "{11AF652B-4A8E-4711-8EF0-D48BFB8C7FDA}"
EndProject
Global
	GlobalSection(SolutionConfigurationPlatforms) = preSolution
		Debug|Any CPU = Debug|Any CPU
		Release|Any CPU = Release|Any CPU
	EndGlobalSection
	GlobalSection(ProjectConfigurationPlatforms) = postSolution
		{11AF652B-4A8E-4711-8EF0-D48BFB8C7FDA}.Debug|Any CPU.ActiveCfg = Debug|Any CPU
		{11AF652B-4A8E-4711-8EF0-D48BFB8C7FDA}.Debug|Any CPU.Build.0 = Debug|Any CPU
		{11AF652B-4A8E-4711-8EF0-D48BFB8C7FDA}.Release|Any CPU.ActiveCfg = Release|Any CPU
		{11AF652B-4A8E-4711-8EF0-D48BFB8C7FDA}.Release|Any CPU.Build.0 = Release|Any CPU
	EndGlobalSection
	GlobalSection(SolutionProperties) = preSolution
		HideSolutionNode = FALSE
	EndGlobalSection
	GlobalSection(ExtensibilityGlobals) = postSolution
		SolutionGuid = {7AF97EF6-DEE9-45E4-B307-A2EC7F06C4B0}
	EndGlobalSection
EndGlobal
